
Microsoft Visual Studio Solution File, Format Version 12.00
Project("{2150E333-8FDC-42A3-9474-1A3956D46DE8}") = "SolutionFiles", "SolutionFiles", "{53FC0427-128E-447B-98A6-338B699B9086}"
ProjectSection(SolutionItems) = preProject
	.gitignore = .gitignore
	README.md = README.md
	.travis.yml = .travis.yml
EndProjectSection
EndProject
Project("{2150E333-8FDC-42A3-9474-1A3956D46DE8}") = "Src", "Src", "{AD0C20B2-CC06-44BF-A954-4378AD5731AB}"
EndProject
Project("{FAE04EC0-301F-11D3-BF4B-00C04F79EFBC}") = "DietShopper.WebAPI", "Src\DietShopper.WebAPI\DietShopper.WebAPI.csproj", "{3BEF6EDA-4DAF-4EA9-AEFA-78EDADDA3225}"
EndProject
Project("{FAE04EC0-301F-11D3-BF4B-00C04F79EFBC}") = "DietShopper.WebUI", "Src\DietShopper.WebUI\DietShopper.WebUI.csproj", "{E18C170E-50C4-49BE-9475-6EE1663AFBCD}"
EndProject
Project("{FAE04EC0-301F-11D3-BF4B-00C04F79EFBC}") = "DietShopper.Persistence", "Src\DietShopper.Persistence\DietShopper.Persistence.csproj", "{4AEB8CCD-D37C-4702-A708-B1E9C82B49C5}"
EndProject
Project("{2150E333-8FDC-42A3-9474-1A3956D46DE8}") = "Infrastructure", "Infrastructure", "{804811EC-BDC8-4207-87D6-1AEF2F9D14EF}"
EndProject
Project("{2150E333-8FDC-42A3-9474-1A3956D46DE8}") = "Presentation", "Presentation", "{565B66AA-E26D-4C9C-AEC2-223B7AAF228E}"
EndProject
Global
	GlobalSection(SolutionConfigurationPlatforms) = preSolution
		Debug|Any CPU = Debug|Any CPU
		Release|Any CPU = Release|Any CPU
	EndGlobalSection
	GlobalSection(NestedProjects) = preSolution
		{804811EC-BDC8-4207-87D6-1AEF2F9D14EF} = {AD0C20B2-CC06-44BF-A954-4378AD5731AB}
		{4AEB8CCD-D37C-4702-A708-B1E9C82B49C5} = {804811EC-BDC8-4207-87D6-1AEF2F9D14EF}
		{3BEF6EDA-4DAF-4EA9-AEFA-78EDADDA3225} = {804811EC-BDC8-4207-87D6-1AEF2F9D14EF}
		{565B66AA-E26D-4C9C-AEC2-223B7AAF228E} = {AD0C20B2-CC06-44BF-A954-4378AD5731AB}
		{E18C170E-50C4-49BE-9475-6EE1663AFBCD} = {565B66AA-E26D-4C9C-AEC2-223B7AAF228E}
	EndGlobalSection
	GlobalSection(ProjectConfigurationPlatforms) = postSolution
		{3BEF6EDA-4DAF-4EA9-AEFA-78EDADDA3225}.Debug|Any CPU.ActiveCfg = Debug|Any CPU
		{3BEF6EDA-4DAF-4EA9-AEFA-78EDADDA3225}.Debug|Any CPU.Build.0 = Debug|Any CPU
		{3BEF6EDA-4DAF-4EA9-AEFA-78EDADDA3225}.Release|Any CPU.ActiveCfg = Release|Any CPU
		{3BEF6EDA-4DAF-4EA9-AEFA-78EDADDA3225}.Release|Any CPU.Build.0 = Release|Any CPU
		{E18C170E-50C4-49BE-9475-6EE1663AFBCD}.Debug|Any CPU.ActiveCfg = Debug|Any CPU
		{E18C170E-50C4-49BE-9475-6EE1663AFBCD}.Debug|Any CPU.Build.0 = Debug|Any CPU
		{E18C170E-50C4-49BE-9475-6EE1663AFBCD}.Release|Any CPU.ActiveCfg = Release|Any CPU
		{E18C170E-50C4-49BE-9475-6EE1663AFBCD}.Release|Any CPU.Build.0 = Release|Any CPU
		{4AEB8CCD-D37C-4702-A708-B1E9C82B49C5}.Debug|Any CPU.ActiveCfg = Debug|Any CPU
		{4AEB8CCD-D37C-4702-A708-B1E9C82B49C5}.Debug|Any CPU.Build.0 = Debug|Any CPU
		{4AEB8CCD-D37C-4702-A708-B1E9C82B49C5}.Release|Any CPU.ActiveCfg = Release|Any CPU
		{4AEB8CCD-D37C-4702-A708-B1E9C82B49C5}.Release|Any CPU.Build.0 = Release|Any CPU
	EndGlobalSection
EndGlobal
